DEPENDENCIES
  yumserver
    path: .
    metadata: true
  yumserver-test
    path: test/fixtures/cookbooks/yumserver-test

GRAPH
  nginx_server (1.0.1)
    yum-epel (>= 0.3.6)
    yum-nginx (>= 0.0.0)
    zap (>= 0.6.0)
  yum (3.10.0)
  yum-epel (0.6.5)
    yum (~> 3.2)
  yum-nginx (0.1.0)
    yum (~> 3.6)
  yumserver (2.0.1)
    nginx_server (>= 1.0.1)
    yum (>= 3.5.2)
    zap (>= 0.10.0)
  yumserver-test (1.0.0)
    yumserver (>= 0.0.0)
  zap (0.11.2)
